{
  "originHash" : "cb347013cd490a598e9d74ff7debcb1c9101f95b86a6a7aef74d1d0d8c1ffa99",
  "pins" : [
    {
      "identity" : "anycodable",
      "kind" : "remoteSourceControl",
      "location" : "https://github.com/Flight-School/AnyCodable",
      "state" : {
        "revision" : "862808b2070cd908cb04f9aafe7de83d35f81b05",
        "version" : "0.6.7"
      }
    },
    {
      "identity" : "async-http-client",
      "kind" : "remoteSourceControl",
      "location" : "https://github.com/swift-server/async-http-client.git",
      "state" : {
        "revision" : "0ae99db85b2b9d1e79b362bd31fd1ffe492f7c47",
        "version" : "1.21.2"
      }
    },
    {
      "identity" : "async-kit",
      "kind" : "remoteSourceControl",
      "location" : "https://github.com/vapor/async-kit.git",
      "state" : {
        "revision" : "15b3fb7b2437f9db11f6ddcf365c5b5db8c3a346",
        "version" : "1.19.1"
      }
    },
    {
      "identity" : "bigint",
      "kind" : "remoteSourceControl",
      "location" : "https://github.com/attaswift/BigInt.git",
      "state" : {
        "revision" : "793a7fac0bfc318e85994bf6900652e827aef33e",
        "version" : "5.4.1"
      }
    },
    {
      "identity" : "bson",
      "kind" : "remoteSourceControl",
      "location" : "https://github.com/orlandos-nl/BSON.git",
      "state" : {
        "revision" : "c29936981d39667429d4e0ec03aa8d6a722ea36a",
        "version" : "7.0.31"
      }
    },
    {
      "identity" : "console-kit",
      "kind" : "remoteSourceControl",
      "location" : "https://github.com/vapor/console-kit.git",
      "state" : {
        "revision" : "9f7932f22ab6f64aafadc14491e694179b7d0f6f",
        "version" : "4.14.3"
      }
    },
    {
      "identity" : "dnsclient",
      "kind" : "remoteSourceControl",
      "location" : "https://github.com/orlandos-nl/DNSClient.git",
      "state" : {
        "revision" : "8a7b1be0208e6e9d1d9e0a07713e0c0ebd7a2010",
        "version" : "2.3.0"
      }
    },
    {
      "identity" : "firebaseadmin",
      "kind" : "remoteSourceControl",
      "location" : "https://github.com/vamsii777/FirebaseAdmin.git",
      "state" : {
        "branch" : "update/jwt-kit-to-5.0.0-rc.1",
        "revision" : "3e7eed0d32a785e01332a386c3a1cb2990b0605f"
      }
    },
    {
      "identity" : "firebaseapi",
      "kind" : "remoteSourceControl",
      "location" : "https://github.com/1amageek/FirebaseAPI.git",
      "state" : {
        "branch" : "main",
        "revision" : "4ff421bd18ed9a74e237751f8becea310379967c"
      }
    },
    {
      "identity" : "fluent",
      "kind" : "remoteSourceControl",
      "location" : "https://github.com/vapor/fluent.git",
      "state" : {
        "revision" : "dfcbeba27a576c20ff181d496f21ecd45d2c1a71",
        "version" : "4.11.0"
      }
    },
    {
      "identity" : "fluent-kit",
      "kind" : "remoteSourceControl",
      "location" : "https://github.com/vapor/fluent-kit.git",
      "state" : {
        "revision" : "cff1c3e7e948ac4ac8b6760351aa44795e35df57",
        "version" : "1.48.6"
      }
    },
    {
      "identity" : "fluent-mongo-driver",
      "kind" : "remoteSourceControl",
      "location" : "https://github.com/vapor/fluent-mongo-driver.git",
      "state" : {
        "revision" : "a4237b99720d2a728178bc9f4c4a0d11d309031e",
        "version" : "1.3.1"
      }
    },
    {
      "identity" : "grpc-swift",
      "kind" : "remoteSourceControl",
      "location" : "https://github.com/grpc/grpc-swift.git",
      "state" : {
        "branch" : "main",
        "revision" : "3f749833b24e5eb0ffa11aaef7e0e0e5c3aca488"
      }
    },
    {
      "identity" : "jmespath.swift",
      "kind" : "remoteSourceControl",
      "location" : "https://github.com/adam-fowler/jmespath.swift.git",
      "state" : {
        "revision" : "3877a5060e85ae33e3b9fe51ab581784f65ec80e",
        "version" : "1.0.3"
      }
    },
    {
      "identity" : "jwt",
      "kind" : "remoteSourceControl",
      "location" : "https://github.com/vapor/jwt.git",
      "state" : {
        "revision" : "f240c5ff4b08cd8839e8a19b036dad81bc7167b1",
        "version" : "5.0.0-rc.1"
      }
    },
    {
      "identity" : "jwt-kit",
      "kind" : "remoteSourceControl",
      "location" : "https://github.com/vapor/jwt-kit.git",
      "state" : {
        "revision" : "fd87490fcd22fee6eb17e6ee178b9e2be8c02b06",
        "version" : "5.0.0-rc.1"
      }
    },
    {
      "identity" : "leaf",
      "kind" : "remoteSourceControl",
      "location" : "https://github.com/vapor/leaf.git",
      "state" : {
        "revision" : "dd799be2a92e7207ad86c567e4fc7dd37413ff60",
        "version" : "4.4.0"
      }
    },
    {
      "identity" : "leaf-kit",
      "kind" : "remoteSourceControl",
      "location" : "https://github.com/vapor/leaf-kit.git",
      "state" : {
        "revision" : "c04e54753fb30a985b42c3be8530bb94442da9c6",
        "version" : "1.11.0"
      }
    },
    {
      "identity" : "mongokitten",
      "kind" : "remoteSourceControl",
      "location" : "https://github.com/orlandos-nl/MongoKitten.git",
      "state" : {
        "revision" : "64a84e1a00c64e1646b9b1449766ce6472cf12ee",
        "version" : "6.7.15"
      }
    },
    {
      "identity" : "multipart-kit",
      "kind" : "remoteSourceControl",
      "location" : "https://github.com/vapor/multipart-kit.git",
      "state" : {
        "revision" : "a31236f24bfd2ea2f520a74575881f6731d7ae68",
        "version" : "4.7.0"
      }
    },
    {
      "identity" : "queues",
      "kind" : "remoteSourceControl",
      "location" : "https://github.com/vapor/queues.git",
      "state" : {
        "revision" : "15829c524480424ce29b24fc36c452b07e352124",
        "version" : "1.15.0"
      }
    },
    {
      "identity" : "queues-redis-driver",
      "kind" : "remoteSourceControl",
      "location" : "https://github.com/vapor/queues-redis-driver.git",
      "state" : {
        "revision" : "89a4350c1a6eb03b5693f481817741ff36a8cdcc",
        "version" : "1.1.1"
      }
    },
    {
      "identity" : "razorpay-kit",
      "kind" : "remoteSourceControl",
      "location" : "https://github.com/vamsii777/razorpay-kit.git",
      "state" : {
        "revision" : "7a4671cf536586d0ef6167cde1be9a480d0bf3ce",
        "version" : "0.0.9"
      }
    },
    {
      "identity" : "redis",
      "kind" : "remoteSourceControl",
      "location" : "https://github.com/vapor/redis.git",
      "state" : {
        "revision" : "383ed57e5b5acd4dd447c2967aa665dc3bbe5be9",
        "version" : "4.11.0"
      }
    },
    {
      "identity" : "redistack",
      "kind" : "remoteSourceControl",
      "location" : "https://github.com/swift-server/RediStack.git",
      "state" : {
        "revision" : "622ce440f90d79b58e45f3a3efdd64c51d1dfd17",
        "version" : "1.6.2"
      }
    },
    {
      "identity" : "routing-kit",
      "kind" : "remoteSourceControl",
      "location" : "https://github.com/vapor/routing-kit.git",
      "state" : {
        "revision" : "8c9a227476555c55837e569be71944e02a056b72",
        "version" : "4.9.1"
      }
    },
    {
      "identity" : "soto",
      "kind" : "remoteSourceControl",
      "location" : "https://github.com/soto-project/soto.git",
      "state" : {
        "revision" : "7f1225d1992debad64d6f0adec4dfc2c15a49367",
        "version" : "7.0.0"
      }
    },
    {
      "identity" : "soto-codegenerator",
      "kind" : "remoteSourceControl",
      "location" : "https://github.com/soto-project/soto-codegenerator",
      "state" : {
        "revision" : "53379e4887b41ea3771c3973e014e343c0f85371",
        "version" : "7.1.1"
      }
    },
    {
      "identity" : "soto-core",
      "kind" : "remoteSourceControl",
      "location" : "https://github.com/soto-project/soto-core.git",
      "state" : {
        "revision" : "86145a0e6a5091bf124fc18aa029698c4c419b1a",
        "version" : "7.0.0"
      }
    },
    {
      "identity" : "soto-smithy",
      "kind" : "remoteSourceControl",
      "location" : "https://github.com/soto-project/soto-smithy.git",
      "state" : {
        "revision" : "37fdca9174181a15a33aace431fcd8a98bbbead9",
        "version" : "0.4.1"
      }
    },
    {
      "identity" : "sql-kit",
      "kind" : "remoteSourceControl",
      "location" : "https://github.com/vapor/sql-kit.git",
      "state" : {
        "revision" : "f697d3289c628acd241e3b2c7d3ff068adcc52d1",
        "version" : "3.31.1"
      }
    },
    {
      "identity" : "swift-algorithms",
      "kind" : "remoteSourceControl",
      "location" : "https://github.com/apple/swift-algorithms.git",
      "state" : {
        "revision" : "f6919dfc309e7f1b56224378b11e28bab5bccc42",
        "version" : "1.2.0"
      }
    },
    {
      "identity" : "swift-argument-parser",
      "kind" : "remoteSourceControl",
      "location" : "https://github.com/apple/swift-argument-parser.git",
      "state" : {
        "revision" : "41982a3656a71c768319979febd796c6fd111d5c",
        "version" : "1.5.0"
      }
    },
    {
      "identity" : "swift-asn1",
      "kind" : "remoteSourceControl",
      "location" : "https://github.com/apple/swift-asn1.git",
      "state" : {
        "revision" : "c7e239b5c1492ffc3ebd7fbcc7a92548ce4e78f0",
        "version" : "1.1.0"
      }
    },
    {
      "identity" : "swift-atomics",
      "kind" : "remoteSourceControl",
      "location" : "https://github.com/apple/swift-atomics.git",
      "state" : {
        "revision" : "cd142fd2f64be2100422d658e7411e39489da985",
        "version" : "1.2.0"
      }
    },
    {
      "identity" : "swift-certificates",
      "kind" : "remoteSourceControl",
      "location" : "https://github.com/apple/swift-certificates.git",
      "state" : {
        "revision" : "4688f242811d21a9c7a8ad669b3bc5b336759929",
        "version" : "1.4.0"
      }
    },
    {
      "identity" : "swift-collections",
      "kind" : "remoteSourceControl",
      "location" : "https://github.com/apple/swift-collections.git",
      "state" : {
        "revision" : "3d2dc41a01f9e49d84f0a3925fb858bed64f702d",
        "version" : "1.1.2"
      }
    },
    {
      "identity" : "swift-crypto",
      "kind" : "remoteSourceControl",
      "location" : "https://github.com/apple/swift-crypto.git",
      "state" : {
        "revision" : "46072478ca365fe48370993833cb22de9b41567f",
        "version" : "3.5.2"
      }
    },
    {
      "identity" : "swift-distributed-tracing",
      "kind" : "remoteSourceControl",
      "location" : "https://github.com/apple/swift-distributed-tracing.git",
      "state" : {
        "revision" : "11c756c5c4d7de0eeed8595695cadd7fa107aa19",
        "version" : "1.1.1"
      }
    },
    {
      "identity" : "swift-http-types",
      "kind" : "remoteSourceControl",
      "location" : "https://github.com/apple/swift-http-types",
      "state" : {
        "revision" : "ae67c8178eb46944fd85e4dc6dd970e1f3ed6ccd",
        "version" : "1.3.0"
      }
    },
    {
      "identity" : "swift-log",
      "kind" : "remoteSourceControl",
      "location" : "https://github.com/apple/swift-log.git",
      "state" : {
        "revision" : "9cb486020ebf03bfa5b5df985387a14a98744537",
        "version" : "1.6.1"
      }
    },
    {
      "identity" : "swift-metrics",
      "kind" : "remoteSourceControl",
      "location" : "https://github.com/apple/swift-metrics.git",
      "state" : {
        "revision" : "e0165b53d49b413dd987526b641e05e246782685",
        "version" : "2.5.0"
      }
    },
    {
      "identity" : "swift-mustache",
      "kind" : "remoteSourceControl",
      "location" : "https://github.com/hummingbird-project/swift-mustache.git",
      "state" : {
        "revision" : "cde358e364ab26f2b72a5f70613cfb0a574de6c9",
        "version" : "2.0.0-beta.3"
      }
    },
    {
      "identity" : "swift-nio",
      "kind" : "remoteSourceControl",
      "location" : "https://github.com/apple/swift-nio.git",
      "state" : {
        "revision" : "e4abde8be0e49dc7d66e6eed651254accdcd9533",
        "version" : "2.69.0"
      }
    },
    {
      "identity" : "swift-nio-extras",
      "kind" : "remoteSourceControl",
      "location" : "https://github.com/apple/swift-nio-extras.git",
      "state" : {
        "revision" : "05c36b57453d23ea63785d58a7dbc7b70ba1745e",
        "version" : "1.23.0"
      }
    },
    {
      "identity" : "swift-nio-http2",
      "kind" : "remoteSourceControl",
      "location" : "https://github.com/apple/swift-nio-http2.git",
      "state" : {
        "revision" : "b5f7062b60e4add1e8c343ba4eb8da2e324b3a94",
        "version" : "1.34.0"
      }
    },
    {
      "identity" : "swift-nio-ssl",
      "kind" : "remoteSourceControl",
      "location" : "https://github.com/apple/swift-nio-ssl.git",
      "state" : {
        "revision" : "2b09805797f21c380f7dc9bedaab3157c5508efb",
        "version" : "2.27.0"
      }
    },
    {
      "identity" : "swift-nio-transport-services",
      "kind" : "remoteSourceControl",
      "location" : "https://github.com/apple/swift-nio-transport-services.git",
      "state" : {
        "revision" : "38ac8221dd20674682148d6451367f89c2652980",
        "version" : "1.21.0"
      }
    },
    {
      "identity" : "swift-numerics",
      "kind" : "remoteSourceControl",
      "location" : "https://github.com/apple/swift-numerics.git",
      "state" : {
        "revision" : "0a5bc04095a675662cf24757cc0640aa2204253b",
        "version" : "1.0.2"
      }
    },
    {
      "identity" : "swift-protobuf",
      "kind" : "remoteSourceControl",
      "location" : "https://github.com/apple/swift-protobuf.git",
      "state" : {
        "revision" : "e17d61f26df0f0e06f58f6977ba05a097a720106",
        "version" : "1.27.1"
      }
    },
    {
      "identity" : "swift-resend",
      "kind" : "remoteSourceControl",
      "location" : "https://github.com/hsharghi/swift-resend.git",
      "state" : {
        "revision" : "3cc66843378709cf903379dc73e84168f7bfcc26",
        "version" : "1.0.2"
      }
    },
    {
      "identity" : "swift-service-context",
      "kind" : "remoteSourceControl",
      "location" : "https://github.com/apple/swift-service-context.git",
      "state" : {
        "revision" : "0c62c5b4601d6c125050b5c3a97f20cce881d32b",
        "version" : "1.1.0"
      }
    },
    {
      "identity" : "swift-system",
      "kind" : "remoteSourceControl",
      "location" : "https://github.com/apple/swift-system.git",
      "state" : {
        "revision" : "d2ba781702a1d8285419c15ee62fd734a9437ff5",
        "version" : "1.3.2"
      }
    },
    {
      "identity" : "vapor",
      "kind" : "remoteSourceControl",
      "location" : "https://github.com/vapor/vapor.git",
      "state" : {
        "revision" : "a823735db57b46100b0c61cdfc5a08525b1e7cad",
        "version" : "4.102.1"
      }
    },
    {
      "identity" : "websocket-kit",
      "kind" : "remoteSourceControl",
      "location" : "https://github.com/vapor/websocket-kit.git",
      "state" : {
        "revision" : "4232d34efa49f633ba61afde365d3896fc7f8740",
        "version" : "2.15.0"
      }
    }
  ],
  "version" : 3
}
